<?xml version="1.0" encoding="utf-8"?>
<Project ToolsVersion="4.0" xmlns="http://schemas.microsoft.com/developer/msbuild/2003">
  <ItemGroup>
    <ClInclude Include="EndingLevel.h">
      <Filter>Level</Filter>
    </ClInclude>
    <ClInclude Include="PlayLevel.h">
      <Filter>Level</Filter>
    </ClInclude>
    <ClInclude Include="TitleMainLevel.h">
      <Filter>Level</Filter>
    </ClInclude>
    <ClInclude Include="TitleLogo.h">
      <Filter>Title</Filter>
    </ClInclude>
    <ClInclude Include="EndingCredit.h">
      <Filter>Ending</Filter>
    </ClInclude>
    <ClInclude Include="TitleBackGround.h">
      <Filter>Title</Filter>
    </ClInclude>
    <ClInclude Include="Nick.h">
      <Filter>Play\Nick</Filter>
    </ClInclude>
    <ClInclude Include="SnowBullet.h">
      <Filter>Play\Nick</Filter>
    </ClInclude>
    <ClInclude Include="SnowBros.h" />
    <ClInclude Include="BackGround.h">
      <Filter>Level\Global</Filter>
    </ClInclude>
    <ClInclude Include="Floor1.h">
      <Filter>Level\PlayLevel</Filter>
    </ClInclude>
    <ClInclude Include="Floor2.h">
      <Filter>Level\PlayLevel</Filter>
    </ClInclude>
    <ClInclude Include="Floor3.h">
      <Filter>Level\PlayLevel</Filter>
    </ClInclude>
    <ClInclude Include="BossFloor.h">
      <Filter>Level\PlayLevel</Filter>
    </ClInclude>
    <ClInclude Include="RedDemon.h">
      <Filter>Play\Enemies</Filter>
    </ClInclude>
    <ClInclude Include="YellowTroll.h">
      <Filter>Play\Enemies</Filter>
    </ClInclude>
    <ClInclude Include="Frog.h">
      <Filter>Play\Enemies</Filter>
    </ClInclude>
    <ClInclude Include="Boss.h">
      <Filter>Play\Enemies</Filter>
    </ClInclude>
    <ClInclude Include="ContentsEnums.h" />
    <ClInclude Include="PlayUI.h">
      <Filter>Level\Global</Filter>
    </ClInclude>
    <ClInclude Include="FloorLogo.h">
      <Filter>Level\Global</Filter>
    </ClInclude>
    <ClInclude Include="FrogFire.h">
      <Filter>Play\Enemies</Filter>
    </ClInclude>
    <ClInclude Include="Life.h">
      <Filter>Play\UI</Filter>
    </ClInclude>
    <ClInclude Include="Score.h">
      <Filter>Play\UI</Filter>
    </ClInclude>
    <ClInclude Include="Candy.h">
      <Filter>Play\Item</Filter>
    </ClInclude>
    <ClInclude Include="Lollipop.h">
      <Filter>Play\Item</Filter>
    </ClInclude>
    <ClInclude Include="Mushroom.h">
      <Filter>Play\Item</Filter>
    </ClInclude>
    <ClInclude Include="StickIceCream.h">
      <Filter>Play\Item</Filter>
    </ClInclude>
    <ClInclude Include="Sandwich.h">
      <Filter>Play\Item</Filter>
    </ClInclude>
    <ClInclude Include="Cake.h">
      <Filter>Play\Item</Filter>
    </ClInclude>
    <ClInclude Include="ScoreMoveUp.h">
      <Filter>Play\Item</Filter>
    </ClInclude>
    <ClInclude Include="GameOverLevel.h">
      <Filter>Level</Filter>
    </ClInclude>
    <ClInclude Include="BossEnterLevel.h">
      <Filter>Level</Filter>
    </ClInclude>
    <ClInclude Include="SnowLevel.h">
      <Filter>Level\PlayLevel</Filter>
    </ClInclude>
    <ClInclude Include="RedPotion.h">
      <Filter>Play\Item\Potion</Filter>
    </ClInclude>
    <ClInclude Include="BluePotion.h">
      <Filter>Play\Item\Potion</Filter>
    </ClInclude>
    <ClInclude Include="Son.h">
      <Filter>Play\Enemies</Filter>
    </ClInclude>
  </ItemGroup>
  <ItemGroup>
    <ClCompile Include="EndingLevel.cpp">
      <Filter>Level</Filter>
    </ClCompile>
    <ClCompile Include="PlayLevel.cpp">
      <Filter>Level</Filter>
    </ClCompile>
    <ClCompile Include="TitleLMainevel.cpp">
      <Filter>Level</Filter>
    </ClCompile>
    <ClCompile Include="TitleLogo.cpp">
      <Filter>Title</Filter>
    </ClCompile>
    <ClCompile Include="EndingCredit.cpp">
      <Filter>Ending</Filter>
    </ClCompile>
    <ClCompile Include="TitleBackGround.cpp">
      <Filter>Title</Filter>
    </ClCompile>
    <ClCompile Include="Nick.cpp">
      <Filter>Play\Nick</Filter>
    </ClCompile>
    <ClCompile Include="SnowBullet.cpp">
      <Filter>Play\Nick</Filter>
    </ClCompile>
    <ClCompile Include="SnowBros.cpp" />
    <ClCompile Include="BackGround.cpp">
      <Filter>Level\Global</Filter>
    </ClCompile>
    <ClCompile Include="Floor1.cpp">
      <Filter>Level\PlayLevel</Filter>
    </ClCompile>
    <ClCompile Include="Floor2.cpp">
      <Filter>Level\PlayLevel</Filter>
    </ClCompile>
    <ClCompile Include="Floor3.cpp">
      <Filter>Level\PlayLevel</Filter>
    </ClCompile>
    <ClCompile Include="BossFloor.cpp">
      <Filter>Level\PlayLevel</Filter>
    </ClCompile>
    <ClCompile Include="RedDemon.cpp">
      <Filter>Play\Enemies</Filter>
    </ClCompile>
    <ClCompile Include="YellowTroll.cpp">
      <Filter>Play\Enemies</Filter>
    </ClCompile>
    <ClCompile Include="Frog.cpp">
      <Filter>Play\Enemies</Filter>
    </ClCompile>
    <ClCompile Include="Boss.cpp">
      <Filter>Play\Enemies</Filter>
    </ClCompile>
    <ClCompile Include="PlayUI.cpp">
      <Filter>Level\Global</Filter>
    </ClCompile>
    <ClCompile Include="NickState.cpp">
      <Filter>Play\Nick</Filter>
    </ClCompile>
    <ClCompile Include="FloorLogo.cpp">
      <Filter>Level\Global</Filter>
    </ClCompile>
    <ClCompile Include="RedDemonState.cpp">
      <Filter>Play\Enemies</Filter>
    </ClCompile>
    <ClCompile Include="FrogState.cpp">
      <Filter>Play\Enemies</Filter>
    </ClCompile>
    <ClCompile Include="FrogFire.cpp">
      <Filter>Play\Enemies</Filter>
    </ClCompile>
    <ClCompile Include="Life.cpp">
      <Filter>Play\UI</Filter>
    </ClCompile>
    <ClCompile Include="Score.cpp">
      <Filter>Play\UI</Filter>
    </ClCompile>
    <ClCompile Include="Candy.cpp">
      <Filter>Play\Item</Filter>
    </ClCompile>
    <ClCompile Include="Lollipop.cpp">
      <Filter>Play\Item</Filter>
    </ClCompile>
    <ClCompile Include="Mushroom.cpp">
      <Filter>Play\Item</Filter>
    </ClCompile>
    <ClCompile Include="StickIceCream.cpp">
      <Filter>Play\Item</Filter>
    </ClCompile>
    <ClCompile Include="Sandwich.cpp">
      <Filter>Play\Item</Filter>
    </ClCompile>
    <ClCompile Include="Cake.cpp">
      <Filter>Play\Item</Filter>
    </ClCompile>
    <ClCompile Include="ScoreMoveUp.cpp">
      <Filter>Play\Item</Filter>
    </ClCompile>
    <ClCompile Include="GameOverLevel.cpp">
      <Filter>Level</Filter>
    </ClCompile>
    <ClCompile Include="BossState.cpp">
      <Filter>Play\Enemies</Filter>
    </ClCompile>
    <ClCompile Include="BossEnterLevel.cpp">
      <Filter>Level</Filter>
    </ClCompile>
    <ClCompile Include="SnowLevel.cpp">
      <Filter>Level\PlayLevel</Filter>
    </ClCompile>
    <ClCompile Include="YellowTrollState.cpp">
      <Filter>Play\Enemies</Filter>
    </ClCompile>
    <ClCompile Include="RedPotion.cpp">
      <Filter>Play\Item\Potion</Filter>
    </ClCompile>
    <ClCompile Include="BluePotion.cpp">
      <Filter>Play\Item\Potion</Filter>
    </ClCompile>
    <ClCompile Include="Son.cpp">
      <Filter>Play\Enemies</Filter>
    </ClCompile>
    <ClCompile Include="SonState.cpp">
      <Filter>Play\Enemies</Filter>
    </ClCompile>
  </ItemGroup>
  <ItemGroup>
    <Filter Include="Level">
      <UniqueIdentifier>{ecca579e-1e5f-4301-831d-9769b7e8e111}</UniqueIdentifier>
    </Filter>
    <Filter Include="Title">
      <UniqueIdentifier>{9ebba8d9-ffdc-4dd5-a49f-63596a50da93}</UniqueIdentifier>
    </Filter>
    <Filter Include="Play">
      <UniqueIdentifier>{1918ef5a-58cb-4d80-ae42-6d6efb4c81de}</UniqueIdentifier>
    </Filter>
    <Filter Include="Ending">
      <UniqueIdentifier>{3dfd00c6-489a-4606-8fff-73f4a1b0f35b}</UniqueIdentifier>
    </Filter>
    <Filter Include="Level\PlayLevel">
      <UniqueIdentifier>{925b22c1-cdb2-4b4c-b9a3-be06b060888f}</UniqueIdentifier>
    </Filter>
    <Filter Include="Level\Global">
      <UniqueIdentifier>{004ee965-3059-4d71-8a6e-97fb5a0344db}</UniqueIdentifier>
    </Filter>
    <Filter Include="Play\Enemies">
      <UniqueIdentifier>{afaf93a8-b2c5-4f25-bf96-f6b2cfbdc7ec}</UniqueIdentifier>
    </Filter>
    <Filter Include="Play\Nick">
      <UniqueIdentifier>{bc358560-e32f-40b4-9f44-91f369ae15e1}</UniqueIdentifier>
    </Filter>
    <Filter Include="Play\Item">
      <UniqueIdentifier>{4763db25-6322-4434-8f1a-89e8f83aabaa}</UniqueIdentifier>
    </Filter>
    <Filter Include="Play\UI">
      <UniqueIdentifier>{409373e8-893f-438b-8efa-b873dbe23c60}</UniqueIdentifier>
    </Filter>
    <Filter Include="Play\Item\Potion">
      <UniqueIdentifier>{e8e9b585-6b95-4429-acf3-529b9d710423}</UniqueIdentifier>
    </Filter>
  </ItemGroup>
</Project>